// !$*UTF8*$!
{
	archiveVersion = 1;
	classes = {
	};
	objectVersion = 46;
	objects = {

/* Begin PBXBuildFile section */
		7FACEAAF1C0409350009C0F3 /* main.m in Sources */ = {isa = PBXBuildFile; fileRef = 7FACEAAE1C0409350009C0F3 /* main.m */; };
		7FACEAB21C0409350009C0F3 /* AppDelegate.m in Sources */ = {isa = PBXBuildFile; fileRef = 7FACEAB11C0409350009C0F3 /* AppDelegate.m */; };
		7FACEAB51C0409350009C0F3 /* HomePage.m in Sources */ = {isa = PBXBuildFile; fileRef = 7FACEAB41C0409350009C0F3 /* HomePage.m */; };
		7FACEAB81C0409350009C0F3 /* Main.storyboard in Resources */ = {isa = PBXBuildFile; fileRef = 7FACEAB61C0409350009C0F3 /* Main.storyboard */; };
		7FACEABA1C0409350009C0F3 /* Assets.xcassets in Resources */ = {isa = PBXBuildFile; fileRef = 7FACEAB91C0409350009C0F3 /* Assets.xcassets */; };
		7FACEABD1C0409350009C0F3 /* LaunchScreen.storyboard in Resources */ = {isa = PBXBuildFile; fileRef = 7FACEABB1C0409350009C0F3 /* LaunchScreen.storyboard */; };
		7FACEAC81C0409350009C0F3 /* NewsReaderTests.m in Sources */ = {isa = PBXBuildFile; fileRef = 7FACEAC71C0409350009C0F3 /* NewsReaderTests.m */; };
		7FACEAD31C0409350009C0F3 /* NewsReaderUITests.m in Sources */ = {isa = PBXBuildFile; fileRef = 7FACEAD21C0409350009C0F3 /* NewsReaderUITests.m */; };
/* End PBXBuildFile section */

/* Begin PBXContainerItemProxy section */
		7FACEAC41C0409350009C0F3 /* PBXContainerItemProxy */ = {
			isa = PBXContainerItemProxy;
			containerPortal = 7FACEAA21C0409350009C0F3 /* Project object */;
			proxyType = 1;
			remoteGlobalIDString = 7FACEAA91C0409350009C0F3;
			remoteInfo = NewsReader;
		};
		7FACEACF1C0409350009C0F3 /* PBXContainerItemProxy */ = {
			isa = PBXContainerItemProxy;
			containerPortal = 7FACEAA21C0409350009C0F3 /* Project object */;
			proxyType = 1;
			remoteGlobalIDString = 7FACEAA91C0409350009C0F3;
			remoteInfo = NewsReader;
		};
/* End PBXContainerItemProxy section */

/* Begin PBXFileReference section */
		7FACEAAA1C0409350009C0F3 /* NewsReader.app */ = {isa = PBXFileReference; explicitFileType = wrapper.application; includeInIndex = 0; path = NewsReader.app; sourceTree = BUILT_PRODUCTS_DIR; };
		7FACEAAE1C0409350009C0F3 /* main.m */ = {isa = PBXFileReference; lastKnownFileType = sourcecode.c.objc; path = main.m; sourceTree = "<group>"; };
		7FACEAB01C0409350009C0F3 /* AppDelegate.h */ = {isa = PBXFileReference; lastKnownFileType = sourcecode.c.h; path = AppDelegate.h; sourceTree = "<group>"; };
		7FACEAB11C0409350009C0F3 /* AppDelegate.m */ = {isa = PBXFileReference; lastKnownFileType = sourcecode.c.objc; path = AppDelegate.m; sourceTree = "<group>"; };
		7FACEAB31C0409350009C0F3 /* HomePage.h */ = {isa = PBXFileReference; lastKnownFileType = sourcecode.c.h; path = HomePage.h; sourceTree = "<group>"; };
		7FACEAB41C0409350009C0F3 /* HomePage.m */ = {isa = PBXFileReference; lastKnownFileType = sourcecode.c.objc; path = HomePage.m; sourceTree = "<group>"; };
		7FACEAB71C0409350009C0F3 /* Base */ = {isa = PBXFileReference; lastKnownFileType = file.storyboard; name = Base; path = Base.lproj/Main.storyboard; sourceTree = "<group>"; };
		7FACEAB91C0409350009C0F3 /* Assets.xcassets */ = {isa = PBXFileReference; lastKnownFileType = folder.assetcatalog; path = Assets.xcassets; sourceTree = "<group>"; };
		7FACEABC1C0409350009C0F3 /* Base */ = {isa = PBXFileReference; lastKnownFileType = file.storyboard; name = Base; path = Base.lproj/LaunchScreen.storyboard; sourceTree = "<group>"; };
		7FACEABE1C0409350009C0F3 /* Info.plist */ = {isa = PBXFileReference; lastKnownFileType = text.plist.xml; path = Info.plist; sourceTree = "<group>"; };
		7FACEAC31C0409350009C0F3 /* NewsReaderTests.xctest */ = {isa = PBXFileReference; explicitFileType = wrapper.cfbundle; includeInIndex = 0; path = NewsReaderTests.xctest; sourceTree = BUILT_PRODUCTS_DIR; };
		7FACEAC71C0409350009C0F3 /* NewsReaderTests.m */ = {isa = PBXFileReference; lastKnownFileType = sourcecode.c.objc; path = NewsReaderTests.m; sourceTree = "<group>"; };
		7FACEAC91C0409350009C0F3 /* Info.plist */ = {isa = PBXFileReference; lastKnownFileType = text.plist.xml; path = Info.plist; sourceTree = "<group>"; };
		7FACEACE1C0409350009C0F3 /* NewsReaderUITests.xctest */ = {isa = PBXFileReference; explicitFileType = wrapper.cfbundle; includeInIndex = 0; path = NewsReaderUITests.xctest; sourceTree = BUILT_PRODUCTS_DIR; };
		7FACEAD21C0409350009C0F3 /* NewsReaderUITests.m */ = {isa = PBXFileReference; lastKnownFileType = sourcecode.c.objc; path = NewsReaderUITests.m; sourceTree = "<group>"; };
		7FACEAD41C0409350009C0F3 /* Info.plist */ = {isa = PBXFileReference; lastKnownFileType = text.plist.xml; path = Info.plist; sourceTree = "<group>"; };
		7FACEAE01C0409990009C0F3 /* Readme */ = {isa = PBXFileReference; lastKnownFileType = text; path = Readme; sourceTree = "<group>"; };
		7FACEAE81C040C5D0009C0F3 /* Defines.h */ = {isa = PBXFileReference; fileEncoding = 4; lastKnownFileType = sourcecode.c.h; path = Defines.h; sourceTree = "<group>"; };
/* End PBXFileReference section */

/* Begin PBXFrameworksBuildPhase section */
		7FACEAA71C0409350009C0F3 /* Frameworks */ = {
			isa = PBXFrameworksBuildPhase;
			buildActionMask = 2147483647;
			files = (
			);
			runOnlyForDeploymentPostprocessing = 0;
		};
		7FACEAC01C0409350009C0F3 /* Frameworks */ = {
			isa = PBXFrameworksBuildPhase;
			buildActionMask = 2147483647;
			files = (
			);
			runOnlyForDeploymentPostprocessing = 0;
		};
		7FACEACB1C0409350009C0F3 /* Frameworks */ = {
			isa = PBXFrameworksBuildPhase;
			buildActionMask = 2147483647;
			files = (
			);
			runOnlyForDeploymentPostprocessing = 0;
		};
/* End PBXFrameworksBuildPhase section */

/* Begin PBXGroup section */
		7FACEAA11C0409350009C0F3 = {
			isa = PBXGroup;
			children = (
				7FACEAE01C0409990009C0F3 /* Readme */,
				7FACEAAC1C0409350009C0F3 /* NewsReader */,
				7FACEAC61C0409350009C0F3 /* NewsReaderTests */,
				7FACEAD11C0409350009C0F3 /* NewsReaderUITests */,
				7FACEAAB1C0409350009C0F3 /* Products */,
			);
			sourceTree = "<group>";
		};
		7FACEAAB1C0409350009C0F3 /* Products */ = {
			isa = PBXGroup;
			children = (
				7FACEAAA1C0409350009C0F3 /* NewsReader.app */,
				7FACEAC31C0409350009C0F3 /* NewsReaderTests.xctest */,
				7FACEACE1C0409350009C0F3 /* NewsReaderUITests.xctest */,
			);
			name = Products;
			sourceTree = "<group>";
		};
		7FACEAAC1C0409350009C0F3 /* NewsReader */ = {
			isa = PBXGroup;
			children = (
				7FACEAE11C040A470009C0F3 /* Global */,
				7FACEAE51C040ADF0009C0F3 /* Controller */,
				7FACEAE21C040AA50009C0F3 /* Model */,
				7FACEAE31C040AC20009C0F3 /* Networke */,
				7FACEAE41C040ACC0009C0F3 /* DB */,
				7FACEAE61C040BD70009C0F3 /* Utillity */,
				7FACEAE71C040BFF0009C0F3 /* ThirdSDK */,
				7FACEAE91C040CA80009C0F3 /* Resources */,
				7FACEAE81C040C5D0009C0F3 /* Defines.h */,
				7FACEAB01C0409350009C0F3 /* AppDelegate.h */,
				7FACEAB11C0409350009C0F3 /* AppDelegate.m */,
				7FACEABE1C0409350009C0F3 /* Info.plist */,
				7FACEAAD1C0409350009C0F3 /* Supporting Files */,
			);
			path = NewsReader;
			sourceTree = "<group>";
		};
		7FACEAAD1C0409350009C0F3 /* Supporting Files */ = {
			isa = PBXGroup;
			children = (
				7FACEAAE1C0409350009C0F3 /* main.m */,
			);
			name = "Supporting Files";
			sourceTree = "<group>";
		};
		7FACEAC61C0409350009C0F3 /* NewsReaderTests */ = {
			isa = PBXGroup;
			children = (
				7FACEAC71C0409350009C0F3 /* NewsReaderTests.m */,
				7FACEAC91C0409350009C0F3 /* Info.plist */,
			);
			path = NewsReaderTests;
			sourceTree = "<group>";
		};
		7FACEAD11C0409350009C0F3 /* NewsReaderUITests */ = {
			isa = PBXGroup;
			children = (
				7FACEAD21C0409350009C0F3 /* NewsReaderUITests.m */,
				7FACEAD41C0409350009C0F3 /* Info.plist */,
			);
			path = NewsReaderUITests;
			sourceTree = "<group>";
		};
		7FACEAE11C040A470009C0F3 /* Global */ = {
			isa = PBXGroup;
			children = (
			);
			name = Global;
			sourceTree = "<group>";
		};
		7FACEAE21C040AA50009C0F3 /* Model */ = {
			isa = PBXGroup;
			children = (
			);
			name = Model;
			sourceTree = "<group>";
		};
		7FACEAE31C040AC20009C0F3 /* Networke */ = {
			isa = PBXGroup;
			children = (
			);
			name = Networke;
			sourceTree = "<group>";
		};
		7FACEAE41C040ACC0009C0F3 /* DB */ = {
			isa = PBXGroup;
			children = (
			);
			name = DB;
			sourceTree = "<group>";
		};
		7FACEAE51C040ADF0009C0F3 /* Controller */ = {
			isa = PBXGroup;
			children = (
				7FACEAEB1C040CFD0009C0F3 /* widget */,
				7FACEAEA1C040CD20009C0F3 /* Page */,
				7FACEAED1C040D350009C0F3 /* Cell */,
			);
			name = Controller;
			sourceTree = "<group>";
		};
		7FACEAE61C040BD70009C0F3 /* Utillity */ = {
			isa = PBXGroup;
			children = (
			);
			name = Utillity;
			sourceTree = "<group>";
		};
		7FACEAE71C040BFF0009C0F3 /* ThirdSDK */ = {
			isa = PBXGroup;
			children = (
			);
			name = ThirdSDK;
			sourceTree = "<group>";
		};
		7FACEAE91C040CA80009C0F3 /* Resources */ = {
			isa = PBXGroup;
			children = (
				7FACEAEE1C040D780009C0F3 /* Config */,
				7FACEAEF1C040D830009C0F3 /* Image */,
				7FACEAF01C040DA10009C0F3 /* Xib */,
			);
			name = Resources;
			sourceTree = "<group>";
		};
		7FACEAEA1C040CD20009C0F3 /* Page */ = {
			isa = PBXGroup;
			children = (
				7FACEAB31C0409350009C0F3 /* HomePage.h */,
				7FACEAB41C0409350009C0F3 /* HomePage.m */,
			);
			name = Page;
			sourceTree = "<group>";
		};
		7FACEAEB1C040CFD0009C0F3 /* widget */ = {
			isa = PBXGroup;
			children = (
			);
			name = widget;
			sourceTree = "<group>";
		};
		7FACEAED1C040D350009C0F3 /* Cell */ = {
			isa = PBXGroup;
			children = (
			);
			name = Cell;
			sourceTree = "<group>";
		};
		7FACEAEE1C040D780009C0F3 /* Config */ = {
			isa = PBXGroup;
			children = (
			);
			name = Config;
			sourceTree = "<group>";
		};
		7FACEAEF1C040D830009C0F3 /* Image */ = {
			isa = PBXGroup;
			children = (
				7FACEAB91C0409350009C0F3 /* Assets.xcassets */,
			);
			name = Image;
			sourceTree = "<group>";
		};
		7FACEAF01C040DA10009C0F3 /* Xib */ = {
			isa = PBXGroup;
			children = (
				7FACEAB61C0409350009C0F3 /* Main.storyboard */,
				7FACEABB1C0409350009C0F3 /* LaunchScreen.storyboard */,
			);
			name = Xib;
			sourceTree = "<group>";
		};
/* End PBXGroup section */

/* Begin PBXNativeTarget section */
		7FACEAA91C0409350009C0F3 /* NewsReader */ = {
			isa = PBXNativeTarget;
			buildConfigurationList = 7FACEAD71C0409350009C0F3 /* Build configuration list for PBXNativeTarget "NewsReader" */;
			buildPhases = (
				7FACEAA61C0409350009C0F3 /* Sources */,
				7FACEAA71C0409350009C0F3 /* Frameworks */,
				7FACEAA81C0409350009C0F3 /* Resources */,
			);
			buildRules = (
			);
			dependencies = (
			);
			name = NewsReader;
			productName = NewsReader;
			productReference = 7FACEAAA1C0409350009C0F3 /* NewsReader.app */;
			productType = "com.apple.product-type.application";
		};
		7FACEAC21C0409350009C0F3 /* NewsReaderTests */ = {
			isa = PBXNativeTarget;
			buildConfigurationList = 7FACEADA1C0409350009C0F3 /* Build configuration list for PBXNativeTarget "NewsReaderTests" */;
			buildPhases = (
				7FACEABF1C0409350009C0F3 /* Sources */,
				7FACEAC01C0409350009C0F3 /* Frameworks */,
				7FACEAC11C0409350009C0F3 /* Resources */,
			);
			buildRules = (
			);
			dependencies = (
				7FACEAC51C0409350009C0F3 /* PBXTargetDependency */,
			);
			name = NewsReaderTests;
			productName = NewsReaderTests;
			productReference = 7FACEAC31C0409350009C0F3 /* NewsReaderTests.xctest */;
			productType = "com.apple.product-type.bundle.unit-test";
		};
		7FACEACD1C0409350009C0F3 /* NewsReaderUITests */ = {
			isa = PBXNativeTarget;
			buildConfigurationList = 7FACEADD1C0409350009C0F3 /* Build configuration list for PBXNativeTarget "NewsReaderUITests" */;
			buildPhases = (
				7FACEACA1C0409350009C0F3 /* Sources */,
				7FACEACB1C0409350009C0F3 /* Frameworks */,
				7FACEACC1C0409350009C0F3 /* Resources */,
			);
			buildRules = (
			);
			dependencies = (
				7FACEAD01C0409350009C0F3 /* PBXTargetDependency */,
			);
			name = NewsReaderUITests;
			productName = NewsReaderUITests;
			productReference = 7FACEACE1C0409350009C0F3 /* NewsReaderUITests.xctest */;
			productType = "com.apple.product-type.bundle.ui-testing";
		};
/* End PBXNativeTarget section */

/* Begin PBXProject section */
		7FACEAA21C0409350009C0F3 /* Project object */ = {
			isa = PBXProject;
			attributes = {
				LastUpgradeCheck = 0710;
				ORGANIZATIONNAME = "湛礼翔";
				TargetAttributes = {
					7FACEAA91C0409350009C0F3 = {
						CreatedOnToolsVersion = 7.1.1;
					};
					7FACEAC21C0409350009C0F3 = {
						CreatedOnToolsVersion = 7.1.1;
						TestTargetID = 7FACEAA91C0409350009C0F3;
					};
					7FACEACD1C0409350009C0F3 = {
						CreatedOnToolsVersion = 7.1.1;
						TestTargetID = 7FACEAA91C0409350009C0F3;
					};
				};
			};
			buildConfigurationList = 7FACEAA51C0409350009C0F3 /* Build configuration list for PBXProject "NewsReader" */;
			compatibilityVersion = "Xcode 3.2";
			developmentRegion = English;
			hasScannedForEncodings = 0;
			knownRegions = (
				en,
				Base,
			);
			mainGroup = 7FACEAA11C0409350009C0F3;
			productRefGroup = 7FACEAAB1C0409350009C0F3 /* Products */;
			projectDirPath = "";
			projectRoot = "";
			targets = (
				7FACEAA91C0409350009C0F3 /* NewsReader */,
				7FACEAC21C0409350009C0F3 /* NewsReaderTests */,
				7FACEACD1C0409350009C0F3 /* NewsReaderUITests */,
			);
		};
/* End PBXProject section */

/* Begin PBXResourcesBuildPhase section */
		7FACEAA81C0409350009C0F3 /* Resources */ = {
			isa = PBXResourcesBuildPhase;
			buildActionMask = 2147483647;
			files = (
				7FACEABD1C0409350009C0F3 /* LaunchScreen.storyboard in Resources */,
				7FACEABA1C0409350009C0F3 /* Assets.xcassets in Resources */,
				7FACEAB81C0409350009C0F3 /* Main.storyboard in Resources */,
			);
			runOnlyForDeploymentPostprocessing = 0;
		};
		7FACEAC11C0409350009C0F3 /* Resources */ = {
			isa = PBXResourcesBuildPhase;
			buildActionMask = 2147483647;
			files = (
			);
			runOnlyForDeploymentPostprocessing = 0;
		};
		7FACEACC1C0409350009C0F3 /* Resources */ = {
			isa = PBXResourcesBuildPhase;
			buildActionMask = 2147483647;
			files = (
			);
			runOnlyForDeploymentPostprocessing = 0;
		};
/* End PBXResourcesBuildPhase section */

/* Begin PBXSourcesBuildPhase section */
		7FACEAA61C0409350009C0F3 /* Sources */ = {
			isa = PBXSourcesBuildPhase;
			buildActionMask = 2147483647;
			files = (
				7FACEAB51C0409350009C0F3 /* HomePage.m in Sources */,
				7FACEAB21C0409350009C0F3 /* AppDelegate.m in Sources */,
				7FACEAAF1C0409350009C0F3 /* main.m in Sources */,
			);
			runOnlyForDeploymentPostprocessing = 0;
		};
		7FACEABF1C0409350009C0F3 /* Sources */ = {
			isa = PBXSourcesBuildPhase;
			buildActionMask = 2147483647;
			files = (
				7FACEAC81C0409350009C0F3 /* NewsReaderTests.m in Sources */,
			);
			runOnlyForDeploymentPostprocessing = 0;
		};
		7FACEACA1C0409350009C0F3 /* Sources */ = {
			isa = PBXSourcesBuildPhase;
			buildActionMask = 2147483647;
			files = (
				7FACEAD31C0409350009C0F3 /* NewsReaderUITests.m in Sources */,
			);
			runOnlyForDeploymentPostprocessing = 0;
		};
/* End PBXSourcesBuildPhase section */

/* Begin PBXTargetDependency section */
		7FACEAC51C0409350009C0F3 /* PBXTargetDependency */ = {
			isa = PBXTargetDependency;
			target = 7FACEAA91C0409350009C0F3 /* NewsReader */;
			targetProxy = 7FACEAC41C0409350009C0F3 /* PBXContainerItemProxy */;
		};
		7FACEAD01C0409350009C0F3 /* PBXTargetDependency */ = {
			isa = PBXTargetDependency;
			target = 7FACEAA91C0409350009C0F3 /* NewsReader */;
			targetProxy = 7FACEACF1C0409350009C0F3 /* PBXContainerItemProxy */;
		};
/* End PBXTargetDependency section */

/* Begin PBXVariantGroup section */
		7FACEAB61C0409350009C0F3 /* Main.storyboard */ = {
			isa = PBXVariantGroup;
			children = (
				7FACEAB71C0409350009C0F3 /* Base */,
			);
			name = Main.storyboard;
			sourceTree = "<group>";
		};
		7FACEABB1C0409350009C0F3 /* LaunchScreen.storyboard */ = {
			isa = PBXVariantGroup;
			children = (
				7FACEABC1C0409350009C0F3 /* Base */,
			);
			name = LaunchScreen.storyboard;
			sourceTree = "<group>";
		};
/* End PBXVariantGroup section */

/* Begin XCBuildConfiguration section */
		7FACEAD51C0409350009C0F3 /* Debug */ = {
			isa = XCBuildConfiguration;
			buildSettings = {
				ALWAYS_SEARCH_USER_PATHS = NO;
				CLANG_CXX_LANGUAGE_STANDARD = "gnu++0x";
				CLANG_CXX_LIBRARY = "libc++";
				CLANG_ENABLE_MODULES = YES;
				CLANG_ENABLE_OBJC_ARC = YES;
				CLANG_WARN_BOOL_CONVERSION = YES;
				CLANG_WARN_CONSTANT_CONVERSION = YES;
				CLANG_WARN_DIRECT_OBJC_ISA_USAGE = YES_ERROR;
				CLANG_WARN_EMPTY_BODY = YES;
				CLANG_WARN_ENUM_CONVERSION = YES;
				CLANG_WARN_INT_CONVERSION = YES;
				CLANG_WARN_OBJC_ROOT_CLASS = YES_ERROR;
				CLANG_WARN_UNREACHABLE_CODE = YES;
				CLANG_WARN__DUPLICATE_METHOD_MATCH = YES;
				"CODE_SIGN_IDENTITY[sdk=iphoneos*]" = "iPhone Developer";
				COPY_PHASE_STRIP = NO;
				DEBUG_INFORMATION_FORMAT = dwarf;
				ENABLE_STRICT_OBJC_MSGSEND = YES;
				ENABLE_TESTABILITY = YES;
				GCC_C_LANGUAGE_STANDARD = gnu99;
				GCC_DYNAMIC_NO_PIC = NO;
				GCC_NO_COMMON_BLOCKS = YES;
				GCC_OPTIMIZATION_LEVEL = 0;
				GCC_PREPROCESSOR_DEFINITIONS = (
					"DEBUG=1",
					"$(inherited)",
				);
				GCC_WARN_64_TO_32_BIT_CONVERSION = YES;
				GCC_WARN_ABOUT_RETURN_TYPE = YES_ERROR;
				GCC_WARN_UNDECLARED_SELECTOR = YES;
				GCC_WARN_UNINITIALIZED_AUTOS = YES_AGGRESSIVE;
				GCC_WARN_UNUSED_FUNCTION = YES;
				GCC_WARN_UNUSED_VARIABLE = YES;
				IPHONEOS_DEPLOYMENT_TARGET = 9.1;
				MTL_ENABLE_DEBUG_INFO = YES;
				ONLY_ACTIVE_ARCH = YES;
				SDKROOT = iphoneos;
			};
			name = Debug;
		};
		7FACEAD61C0409350009C0F3 /* Release */ = {
			isa = XCBuildConfiguration;
			buildSettings = {
				ALWAYS_SEARCH_USER_PATHS = NO;
				CLANG_CXX_LANGUAGE_STANDARD = "gnu++0x";
				CLANG_CXX_LIBRARY = "libc++";
				CLANG_ENABLE_MODULES = YES;
				CLANG_ENABLE_OBJC_ARC = YES;
				CLANG_WARN_BOOL_CONVERSION = YES;
				CLANG_WARN_CONSTANT_CONVERSION = YES;
				CLANG_WARN_DIRECT_OBJC_ISA_USAGE = YES_ERROR;
				CLANG_WARN_EMPTY_BODY = YES;
				CLANG_WARN_ENUM_CONVERSION = YES;
				CLANG_WARN_INT_CONVERSION = YES;
				CLANG_WARN_OBJC_ROOT_CLASS = YES_ERROR;
				CLANG_WARN_UNREACHABLE_CODE = YES;
				CLANG_WARN__DUPLICATE_METHOD_MATCH = YES;
				"CODE_SIGN_IDENTITY[sdk=iphoneos*]" = "iPhone Developer";
				COPY_PHASE_STRIP = NO;
				DEBUG_INFORMATION_FORMAT = "dwarf-with-dsym";
				ENABLE_NS_ASSERTIONS = NO;
				ENABLE_STRICT_OBJC_MSGSEND = YES;
				GCC_C_LANGUAGE_STANDARD = gnu99;
				GCC_NO_COMMON_BLOCKS = YES;
				GCC_WARN_64_TO_32_BIT_CONVERSION = YES;
				GCC_WARN_ABOUT_RETURN_TYPE = YES_ERROR;
				GCC_WARN_UNDECLARED_SELECTOR = YES;
				GCC_WARN_UNINITIALIZED_AUTOS = YES_AGGRESSIVE;
				GCC_WARN_UNUSED_FUNCTION = YES;
				GCC_WARN_UNUSED_VARIABLE = YES;
				IPHONEOS_DEPLOYMENT_TARGET = 9.1;
				MTL_ENABLE_DEBUG_INFO = NO;
				SDKROOT = iphoneos;
				VALIDATE_PRODUCT = YES;
			};
			name = Release;
		};
		7FACEAD81C0409350009C0F3 /* Debug */ = {
			isa = XCBuildConfiguration;
			buildSettings = {
				ASSETCATALOG_COMPILER_APPICON_NAME = AppIcon;
				INFOPLIST_FILE = NewsReader/Info.plist;
				LD_RUNPATH_SEARCH_PATHS = "$(inherited) @executable_path/Frameworks";
				PRODUCT_BUNDLE_IDENTIFIER = zhan.com.NewsReader;
				PRODUCT_NAME = "$(TARGET_NAME)";
			};
			name = Debug;
		};
		7FACEAD91C0409350009C0F3 /* Release */ = {
			isa = XCBuildConfiguration;
			buildSettings = {
				ASSETCATALOG_COMPILER_APPICON_NAME = AppIcon;
				INFOPLIST_FILE = NewsReader/Info.plist;
				LD_RUNPATH_SEARCH_PATHS = "$(inherited) @executable_path/Frameworks";
				PRODUCT_BUNDLE_IDENTIFIER = zhan.com.NewsReader;
				PRODUCT_NAME = "$(TARGET_NAME)";
			};
			name = Release;
		};
		7FACEADB1C0409350009C0F3 /* Debug */ = {
			isa = XCBuildConfiguration;
			buildSettings = {
				BUNDLE_LOADER = "$(TEST_HOST)";
				INFOPLIST_FILE = NewsReaderTests/Info.plist;
				LD_RUNPATH_SEARCH_PATHS = "$(inherited) @executable_path/Frameworks @loader_path/Frameworks";
				PRODUCT_BUNDLE_IDENTIFIER = zhan.com.NewsReaderTests;
				PRODUCT_NAME = "$(TARGET_NAME)";
				TEST_HOST = "$(BUILT_PRODUCTS_DIR)/NewsReader.app/NewsReader";
			};
			name = Debug;
		};
		7FACEADC1C0409350009C0F3 /* Release */ = {
			isa = XCBuildConfiguration;
			buildSettings = {
				BUNDLE_LOADER = "$(TEST_HOST)";
				INFOPLIST_FILE = NewsReaderTests/Info.plist;
				LD_RUNPATH_SEARCH_PATHS = "$(inherited) @executable_path/Frameworks @loader_path/Frameworks";
				PRODUCT_BUNDLE_IDENTIFIER = zhan.com.NewsReaderTests;
				PRODUCT_NAME = "$(TARGET_NAME)";
				TEST_HOST = "$(BUILT_PRODUCTS_DIR)/NewsReader.app/NewsReader";
			};
			name = Release;
		};
		7FACEADE1C0409350009C0F3 /* Debug */ = {
			isa = XCBuildConfiguration;
			buildSettings = {
				INFOPLIST_FILE = NewsReaderUITests/Info.plist;
				LD_RUNPATH_SEARCH_PATHS = "$(inherited) @executable_path/Frameworks @loader_path/Frameworks";
				PRODUCT_BUNDLE_IDENTIFIER = zhan.com.NewsReaderUITests;
				PRODUCT_NAME = "$(TARGET_NAME)";
				TEST_TARGET_NAME = NewsReader;
				USES_XCTRUNNER = YES;
			};
			name = Debug;
		};
		7FACEADF1C0409350009C0F3 /* Release */ = {
			isa = XCBuildConfiguration;
			buildSettings = {
				INFOPLIST_FILE = NewsReaderUITests/Info.plist;
				LD_RUNPATH_SEARCH_PATHS = "$(inherited) @executable_path/Frameworks @loader_path/Frameworks";
				PRODUCT_BUNDLE_IDENTIFIER = zhan.com.NewsReaderUITests;
				PRODUCT_NAME = "$(TARGET_NAME)";
				TEST_TARGET_NAME = NewsReader;
				USES_XCTRUNNER = YES;
			};
			name = Release;
		};
/* End XCBuildConfiguration section */

/* Begin XCConfigurationList section */
		7FACEAA51C0409350009C0F3 /* Build configuration list for PBXProject "NewsReader" */ = {
			isa = XCConfigurationList;
			buildConfigurations = (
				7FACEAD51C0409350009C0F3 /* Debug */,
				7FACEAD61C0409350009C0F3 /* Release */,
			);
			defaultConfigurationIsVisible = 0;
			defaultConfigurationName = Release;
		};
		7FACEAD71C0409350009C0F3 /* Build configuration list for PBXNativeTarget "NewsReader" */ = {
			isa = XCConfigurationList;
			buildConfigurations = (
				7FACEAD81C0409350009C0F3 /* Debug */,
				7FACEAD91C0409350009C0F3 /* Release */,
			);
			defaultConfigurationIsVisible = 0;
		};
		7FACEADA1C0409350009C0F3 /* Build configuration list for PBXNativeTarget "NewsReaderTests" */ = {
			isa = XCConfigurationList;
			buildConfigurations = (
				7FACEADB1C0409350009C0F3 /* Debug */,
				7FACEADC1C0409350009C0F3 /* Release */,
			);
			defaultConfigurationIsVisible = 0;
		};
		7FACEADD1C0409350009C0F3 /* Build configuration list for PBXNativeTarget "NewsReaderUITests" */ = {
			isa = XCConfigurationList;
			buildConfigurations = (
				7FACEADE1C0409350009C0F3 /* Debug */,
				7FACEADF1C0409350009C0F3 /* Release */,
			);
			defaultConfigurationIsVisible = 0;
		};
/* End XCConfigurationList section */
	};
	rootObject = 7FACEAA21C0409350009C0F3 /* Project object */;
}
